
Microsoft Visual Studio Solution File, Format Version 12.00
# Visual Studio Version 16
VisualStudioVersion = 16.0.30804.86
MinimumVisualStudioVersion = 10.0.40219.1
Project("{FAE04EC0-301F-11D3-BF4B-00C04F79EFBC}") = "SimpleTableManager", "SimpleTableManager\SimpleTableManager.csproj", "{1A557B28-96DE-46D7-A43D-940A7604792F}"
EndProject
Global
	GlobalSection(SolutionConfigurationPlatforms) = preSolution
		Debug|Any CPU = Debug|Any CPU
		Release|Any CPU = Release|Any CPU
	EndGlobalSection
	GlobalSection(ProjectConfigurationPlatforms) = postSolution
		{1A557B28-96DE-46D7-A43D-940A7604792F}.Debug|Any CPU.ActiveCfg = Debug|Any CPU
		{1A557B28-96DE-46D7-A43D-940A7604792F}.Debug|Any CPU.Build.0 = Debug|Any CPU
		{1A557B28-96DE-46D7-A43D-940A7604792F}.Release|Any CPU.ActiveCfg = Release|Any CPU
		{1A557B28-96DE-46D7-A43D-940A7604792F}.Release|Any CPU.Build.0 = Release|Any CPU
	EndGlobalSection
	GlobalSection(SolutionProperties) = preSolution
		HideSolutionNode = FALSE
	EndGlobalSection
	GlobalSection(ExtensibilityGlobals) = postSolution
		SolutionGuid = {7EE14D4D-4B7A-492D-BA7C-DEFA30CFEB66}
	EndGlobalSection
EndGlobal
